
Microsoft Visual Studio Solution File, Format Version 12.00
# Visual Studio Version 16
VisualStudioVersion = 16.0.29411.108
MinimumVisualStudioVersion = 10.0.40219.1
Project("{FAE04EC0-301F-11D3-BF4B-00C04F79EFBC}") = "DbDemo", "DbDemo\DbDemo.csproj", "{1987DCD5-322D-47C2-88B8-602718C92723}"
EndProject
Project("{FAE04EC0-301F-11D3-BF4B-00C04F79EFBC}") = "DbDemoService", "DbDemoService\DbDemoService.csproj", "{A2CC71F3-8B32-4317-A89A-CF16C584DE34}"
EndProject
Project("{FAE04EC0-301F-11D3-BF4B-00C04F79EFBC}") = "DbDemoLib", "DbDemoLib\DbDemoLib.csproj", "{5534718E-09F3-4D20-8D24-8830D1CFBF26}"
EndProject
Global
	GlobalSection(SolutionConfigurationPlatforms) = preSolution
		Debug|Any CPU = Debug|Any CPU
		Release|Any CPU = Release|Any CPU
	EndGlobalSection
	GlobalSection(ProjectConfigurationPlatforms) = postSolution
		{1987DCD5-322D-47C2-88B8-602718C92723}.Debug|Any CPU.ActiveCfg = Debug|Any CPU
		{1987DCD5-322D-47C2-88B8-602718C92723}.Debug|Any CPU.Build.0 = Debug|Any CPU
		{1987DCD5-322D-47C2-88B8-602718C92723}.Release|Any CPU.ActiveCfg = Release|Any CPU
		{1987DCD5-322D-47C2-88B8-602718C92723}.Release|Any CPU.Build.0 = Release|Any CPU
		{A2CC71F3-8B32-4317-A89A-CF16C584DE34}.Debug|Any CPU.ActiveCfg = Debug|Any CPU
		{A2CC71F3-8B32-4317-A89A-CF16C584DE34}.Debug|Any CPU.Build.0 = Debug|Any CPU
		{A2CC71F3-8B32-4317-A89A-CF16C584DE34}.Release|Any CPU.ActiveCfg = Release|Any CPU
		{A2CC71F3-8B32-4317-A89A-CF16C584DE34}.Release|Any CPU.Build.0 = Release|Any CPU
		{5534718E-09F3-4D20-8D24-8830D1CFBF26}.Debug|Any CPU.ActiveCfg = Debug|Any CPU
		{5534718E-09F3-4D20-8D24-8830D1CFBF26}.Debug|Any CPU.Build.0 = Debug|Any CPU
		{5534718E-09F3-4D20-8D24-8830D1CFBF26}.Release|Any CPU.ActiveCfg = Release|Any CPU
		{5534718E-09F3-4D20-8D24-8830D1CFBF26}.Release|Any CPU.Build.0 = Release|Any CPU
	EndGlobalSection
	GlobalSection(SolutionProperties) = preSolution
		HideSolutionNode = FALSE
	EndGlobalSection
	GlobalSection(ExtensibilityGlobals) = postSolution
		SolutionGuid = {4F0A6C66-EDE7-4F28-A2A6-05E6F3912384}
	EndGlobalSection
EndGlobal
